
Microsoft Visual Studio Solution File, Format Version 12.00
# Visual Studio 15
VisualStudioVersion = 15.0.27004.2009
MinimumVisualStudioVersion = 10.0.40219.1
Project("{9A19103F-16F7-4668-BE54-9A1E7A4F7556}") = "LagoVista.IoT.Deployment.Admin", "src\LagoVista.IoT.Deployment.Admin\LagoVista.IoT.Deployment.Admin.csproj", "{88DC40A1-10EE-4812-AB91-2E2096B788F4}"
EndProject
Project("{9A19103F-16F7-4668-BE54-9A1E7A4F7556}") = "LagoVista.IoT.Deployment.Admin.Rest", "src\LagoVista.IoT.Deployment.Admin.Rest\LagoVista.IoT.Deployment.Admin.Rest.csproj", "{ED0E5800-C7C8-4990-B3A5-848220755BC3}"
EndProject
Project("{9A19103F-16F7-4668-BE54-9A1E7A4F7556}") = "LagoVista.IoT.Deployment.CloudRepos", "src\LagoVista.IoT.Deployment.CloudRepos\LagoVista.IoT.Deployment.CloudRepos.csproj", "{0DE83C6A-9CD5-4D99-9512-63EA28C2C351}"
EndProject
Project("{2150E333-8FDC-42A3-9474-1A3956D46DE8}") = "Solution Items", "Solution Items", "{20A35980-CCE6-48BF-8ED8-8FF6BC1BFB07}"
	ProjectSection(SolutionItems) = preProject
		CreateLocalPackage.ps1 = CreateLocalPackage.ps1
		UpdateNuspecVersion.ps1 = UpdateNuspecVersion.ps1
		UploadResources.ps1 = UploadResources.ps1
	EndProjectSection
EndProject
Project("{2150E333-8FDC-42A3-9474-1A3956D46DE8}") = "src", "src", "{232D35ED-82F3-4F18-8C55-D24F285244E8}"
EndProject
Project("{2150E333-8FDC-42A3-9474-1A3956D46DE8}") = "tests", "tests", "{5DF47FF3-5BFF-4ADA-A7F8-3B11B55CAD3B}"
EndProject
Project("{9A19103F-16F7-4668-BE54-9A1E7A4F7556}") = "LagoVista.IoT.Deployment.Tests", "tests\LagoVista.IoT.Deployment.Tests\LagoVista.IoT.Deployment.Tests.csproj", "{EA592325-B35B-49AC-9C00-FD5D787A1647}"
EndProject
Project("{9A19103F-16F7-4668-BE54-9A1E7A4F7556}") = "LagoVista.IoT.Deployment.CloudRepo.Tests", "tests\LagoVista.IoT.Deployment.CloudRepo.Tests\LagoVista.IoT.Deployment.CloudRepo.Tests.csproj", "{B413E573-3D11-4566-8BF1-601E18C5B3F4}"
EndProject
Project("{FAE04EC0-301F-11D3-BF4B-00C04F79EFBC}") = "LagoVista.IoT.Deployment.Models", "src\LagoVista.IoT.Deployment.Models\LagoVista.IoT.Deployment.Models.csproj", "{40FEF995-9F91-4770-A60A-47D7DEA02E1B}"
EndProject
Global
	GlobalSection(SolutionConfigurationPlatforms) = preSolution
		Debug|Any CPU = Debug|Any CPU
		Release|Any CPU = Release|Any CPU
	EndGlobalSection
	GlobalSection(ProjectConfigurationPlatforms) = postSolution
		{88DC40A1-10EE-4812-AB91-2E2096B788F4}.Debug|Any CPU.ActiveCfg = Debug|Any CPU
		{88DC40A1-10EE-4812-AB91-2E2096B788F4}.Debug|Any CPU.Build.0 = Debug|Any CPU
		{88DC40A1-10EE-4812-AB91-2E2096B788F4}.Release|Any CPU.ActiveCfg = Release|Any CPU
		{88DC40A1-10EE-4812-AB91-2E2096B788F4}.Release|Any CPU.Build.0 = Release|Any CPU
		{ED0E5800-C7C8-4990-B3A5-848220755BC3}.Debug|Any CPU.ActiveCfg = Debug|Any CPU
		{ED0E5800-C7C8-4990-B3A5-848220755BC3}.Debug|Any CPU.Build.0 = Debug|Any CPU
		{ED0E5800-C7C8-4990-B3A5-848220755BC3}.Release|Any CPU.ActiveCfg = Release|Any CPU
		{ED0E5800-C7C8-4990-B3A5-848220755BC3}.Release|Any CPU.Build.0 = Release|Any CPU
		{0DE83C6A-9CD5-4D99-9512-63EA28C2C351}.Debug|Any CPU.ActiveCfg = Debug|Any CPU
		{0DE83C6A-9CD5-4D99-9512-63EA28C2C351}.Debug|Any CPU.Build.0 = Debug|Any CPU
		{0DE83C6A-9CD5-4D99-9512-63EA28C2C351}.Release|Any CPU.ActiveCfg = Release|Any CPU
		{0DE83C6A-9CD5-4D99-9512-63EA28C2C351}.Release|Any CPU.Build.0 = Release|Any CPU
		{EA592325-B35B-49AC-9C00-FD5D787A1647}.Debug|Any CPU.ActiveCfg = Debug|Any CPU
		{EA592325-B35B-49AC-9C00-FD5D787A1647}.Debug|Any CPU.Build.0 = Debug|Any CPU
		{EA592325-B35B-49AC-9C00-FD5D787A1647}.Release|Any CPU.ActiveCfg = Release|Any CPU
		{EA592325-B35B-49AC-9C00-FD5D787A1647}.Release|Any CPU.Build.0 = Release|Any CPU
		{B413E573-3D11-4566-8BF1-601E18C5B3F4}.Debug|Any CPU.ActiveCfg = Debug|Any CPU
		{B413E573-3D11-4566-8BF1-601E18C5B3F4}.Debug|Any CPU.Build.0 = Debug|Any CPU
		{B413E573-3D11-4566-8BF1-601E18C5B3F4}.Release|Any CPU.ActiveCfg = Release|Any CPU
		{B413E573-3D11-4566-8BF1-601E18C5B3F4}.Release|Any CPU.Build.0 = Release|Any CPU
		{40FEF995-9F91-4770-A60A-47D7DEA02E1B}.Debug|Any CPU.ActiveCfg = Debug|Any CPU
		{40FEF995-9F91-4770-A60A-47D7DEA02E1B}.Debug|Any CPU.Build.0 = Debug|Any CPU
		{40FEF995-9F91-4770-A60A-47D7DEA02E1B}.Release|Any CPU.ActiveCfg = Release|Any CPU
		{40FEF995-9F91-4770-A60A-47D7DEA02E1B}.Release|Any CPU.Build.0 = Release|Any CPU
	EndGlobalSection
	GlobalSection(SolutionProperties) = preSolution
		HideSolutionNode = FALSE
	EndGlobalSection
	GlobalSection(NestedProjects) = preSolution
		{88DC40A1-10EE-4812-AB91-2E2096B788F4} = {232D35ED-82F3-4F18-8C55-D24F285244E8}
		{ED0E5800-C7C8-4990-B3A5-848220755BC3} = {232D35ED-82F3-4F18-8C55-D24F285244E8}
		{0DE83C6A-9CD5-4D99-9512-63EA28C2C351} = {232D35ED-82F3-4F18-8C55-D24F285244E8}
		{EA592325-B35B-49AC-9C00-FD5D787A1647} = {5DF47FF3-5BFF-4ADA-A7F8-3B11B55CAD3B}
		{B413E573-3D11-4566-8BF1-601E18C5B3F4} = {5DF47FF3-5BFF-4ADA-A7F8-3B11B55CAD3B}
	EndGlobalSection
	GlobalSection(ExtensibilityGlobals) = postSolution
		SolutionGuid = {AF4875F9-2A92-4250-9175-F4FB21D56D13}
	EndGlobalSection
EndGlobal
